
Microsoft Visual Studio Solution File, Format Version 12.00
# Visual Studio Version 16
VisualStudioVersion = 16.0.32106.194
MinimumVisualStudioVersion = 10.0.40219.1
Project("{9A19103F-16F7-4668-BE54-9A1E7A4F7556}") = "Serilog", "WebApplication3\Serilog.csproj", "{1BE61AA7-A917-480B-97C9-DF152A19CEFC}"
EndProject
Global
	GlobalSection(SolutionConfigurationPlatforms) = preSolution
		Debug|Any CPU = Debug|Any CPU
		Release|Any CPU = Release|Any CPU
	EndGlobalSection
	GlobalSection(ProjectConfigurationPlatforms) = postSolution
		{1BE61AA7-A917-480B-97C9-DF152A19CEFC}.Debug|Any CPU.ActiveCfg = Debug|Any CPU
		{1BE61AA7-A917-480B-97C9-DF152A19CEFC}.Debug|Any CPU.Build.0 = Debug|Any CPU
		{1BE61AA7-A917-480B-97C9-DF152A19CEFC}.Release|Any CPU.ActiveCfg = Release|Any CPU
		{1BE61AA7-A917-480B-97C9-DF152A19CEFC}.Release|Any CPU.Build.0 = Release|Any CPU
	EndGlobalSection
	GlobalSection(SolutionProperties) = preSolution
		HideSolutionNode = FALSE
	EndGlobalSection
	GlobalSection(ExtensibilityGlobals) = postSolution
		SolutionGuid = {7D504417-36C3-4BF2-B059-42E0DD99C4A0}
	EndGlobalSection
EndGlobal
